{
  "version": 1,
  "dependencies": {
    "net10.0": {
      "BCrypt.Net-Next": {
        "type": "Direct",
        "requested": "[4.2.1, )",
        "resolved": "4.2.1",
        "contentHash": "cJ1Zaad8sBSQJq3QBSPmFuLq0XDi9ys0Dk5S11gakZ2qdFWC1aaRLZ7sqOLQjGJYhgIK3LW3TixJswM6+CVbyw=="
      },
      "HotChocolate.AspNetCore": {
        "type": "Direct",
        "requested": "[16.5.1, )",
        "resolved": "16.5.1",
        "contentHash": "e1HKo3JylnVJpsZlpfiSwIqaTsj4AF0DjZ07VAAPhKwRQ0yRnRXokJiwbXk+hfeDp/nLbMoioyHpHpvuBwnyKw==",
        "dependencies": {
          "ChilliCream.Nitro.App": "31.0.3",
          "HotChocolate": "16.5.1",
          "HotChocolate.AspNetCore.Pipeline": "16.5.1",
          "HotChocolate.Subscriptions.InMemory": "16.5.1",
          "HotChocolate.Transport.Formatters": "16.5.1",
          "HotChocolate.Transport.Sockets": "16.5.1",
          "HotChocolate.Types.Scalars.Upload": "16.5.1",
          "HotChocolate.Utilities.DependencyInjection": "16.5.1"
        }
      },
      "HotChocolate.AspNetCore.Authorization": {
        "type": "Direct",
        "requested": "[16.6.2, )",
        "resolved": "16.6.2",
        "contentHash": "z1eKcIj2sssB/SmOeHv7SSOcyVA4sNImUCcKZHRd+1oisPJMCMC/PFyGQdVVA0bHAAfzyMSBWOaWYxzPuXUleQ==",
        "dependencies": {
          "HotChocolate": "16.6.2"
        }
      },
      "HotChocolate.Subscriptions.InMemory": {
        "type": "Direct",
        "requested": "[16.5.1, )",
        "resolved": "16.5.1",
        "contentHash": "5vO/lJz4JYikIi/PIZ+w50shtVb2T700HXlNpnDkacteCUvt0t1ebfGbm0kiVtzBZ7rpz41LfuuRARyZokXOIA==",
        "dependencies": {
          "HotChocolate.Execution.Configuration.Abstractions": "16.5.1",
          "HotChocolate.Subscriptions": "16.5.1"
        }
      },
      "InfluxDB.Client": {
        "type": "Direct",
        "requested": "[5.1.0, )",
        "resolved": "5.1.0",
        "contentHash": "zzV0llm3tgB/wiMi/YP4BKtqya3i2o0CMNu3M0S7Lvne5XIy/3Vygo/Bq9np4OO08ShVsZHC3hBWpLMSOvPf3g==",
        "dependencies": {
          "InfluxDB.Client.Core": "5.1.0",
          "JsonSubTypes": "2.0.1",
          "System.Configuration.ConfigurationManager": "10.0.8",
          "System.Reactive": "6.0.1"
        }
      },
      "Microsoft.AspNetCore.Authentication.JwtBearer": {
        "type": "Direct",
        "requested": "[10.0.10, )",
        "resolved": "10.0.10",
        "contentHash": "VAcqS42zb9WJd9DjPdkVTS5YrQENmNzPNJuRu8VAW7x3TEWUipc4d4hHzVJdFB0h/KLdr4XcXZzRHcUOKVanMQ==",
        "dependencies": {
          "Microsoft.IdentityModel.Protocols.OpenIdConnect": "8.19.2"
        }
      },
      "Npgsql.EntityFrameworkCore.PostgreSQL": {
        "type": "Direct",
        "requested": "[10.0.3, )",
        "resolved": "10.0.3",
        "contentHash": "IPGrrZnRkuW7OlHDhUESZz4G5DLkW7Nej/O3Cx+0iTsgyU5XJxBgpsvTHLloo3WWuAKKbDHXBvWPVkX1deRh1Q==",
        "dependencies": {
          "Microsoft.EntityFrameworkCore": "[10.0.4, 11.0.0)",
          "Microsoft.EntityFrameworkCore.Relational": "[10.0.4, 11.0.0)",
          "Npgsql": "10.0.3"
        }
      },
      "ChilliCream.Nitro.App": {
        "type": "Transitive",
        "resolved": "31.0.3",
        "contentHash": "qWus1q1VPCg2seGyX/ZTIh2Zm4eSiq2YnUlT/wFSNzdBtmLFWNQdfvknPw0h1lBODcxASP+a57pAahDWws3Yag==",
        "dependencies": {
          "Yarp.ReverseProxy": "2.3.0"
        }
      },
      "CsvHelper": {
        "type": "Transitive",
        "resolved": "33.1.0",
        "contentHash": "kqfTOZGrn7NarNeXgjh86JcpTHUoeQDMB8t9NVa/ZtlSYiV1rxfRnQ49WaJsob4AiGrbK0XDzpyKkBwai4F8eg=="
      },
      "GreenDonut": {
        "type": "Transitive",
        "resolved": "16.6.2",
        "contentHash": "/A/tTBN71+2g1Q4SIWF2fr0RfzA0TCd3fA5JXH1ziI3wMYo5qEDkk8GMFelyO9UfaWuKFwyGcJyxuJfziVv72Q==",
        "dependencies": {
          "GreenDonut.Abstractions": "16.6.2"
        }
      },
      "GreenDonut.Abstractions": {
        "type": "Transitive",
        "resolved": "16.6.2",
        "contentHash": "bqpPN8uw6d62vJAYXSD3vus6sj5acggpaeEuF+L+g+U67Qq0PGZyiFANKPJZgU1Sj83YA7VxZzo7AlyqCimsRw=="
      },
      "GreenDonut.Data": {
        "type": "Transitive",
        "resolved": "16.6.2",
        "contentHash": "TW9Xqz9VlW0HDApGReuQrlOkWinenqWYjEhItTYeZdiAJjKkB1h42fqGUpxi7ODkG1pPhO1Zna7RziWOwvSYlg==",
        "dependencies": {
          "GreenDonut": "16.6.2",
          "GreenDonut.Data.Abstractions": "16.6.2"
        }
      },
      "GreenDonut.Data.Abstractions": {
        "type": "Transitive",
        "resolved": "16.6.2",
        "contentHash": "17GBXapEl35p+U0nRXX2SVyi+cL2OzMqonw2JyBHVILyNVwbG9wV2yqlaQKUeoqWT/1a0w5PIiTye4doxx107A==",
        "dependencies": {
          "GreenDonut.Abstractions": "16.6.2",
          "GreenDonut.Data.Primitives": "16.6.2"
        }
      },
      "GreenDonut.Data.Primitives": {
        "type": "Transitive",
        "resolved": "16.6.2",
        "contentHash": "IoTdzMuRMfspuQGDrgf6tHK2cNw3zQvKi03KTbB73BoI4Mi0oz4z6WsGR4UEVBW4v4hHLTlLJHioZFT0oILY8g=="
      },
      "HotChocolate": {
        "type": "Transitive",
        "resolved": "16.6.2",
        "contentHash": "gxnD8FlGPZ3NSaVF5fuP862HfXA1IUt0hErn3WQfl0/SYrfA0UA7fXErgJMUpV8eLtzE55IXmV3Q0qn/aSBBBw==",
        "dependencies": {
          "HotChocolate.Authorization": "16.6.2",
          "HotChocolate.CostAnalysis": "16.6.2",
          "HotChocolate.Execution.Projections": "16.6.2",
          "HotChocolate.Types": "16.6.2",
          "HotChocolate.Types.CursorPagination": "16.6.2",
          "HotChocolate.Types.CursorPagination.Extensions": "16.6.2",
          "HotChocolate.Types.Mutations": "16.6.2",
          "HotChocolate.Types.Queries": "16.6.2",
          "HotChocolate.Validation": "16.6.2"
        }
      },
      "HotChocolate.Abstractions": {
        "type": "Transitive",
        "resolved": "16.6.2",
        "contentHash": "ClhlFnbO4BNieKU0XDww/SY/PMBl7tOiYwa/eYktwqO3YdiEj1JIpNBiOmxosufKYchJ63/Th6v307zfJojAQA==",
        "dependencies": {
          "HotChocolate.Execution.Abstractions": "16.6.2",
          "HotChocolate.Language": "16.6.2",
          "HotChocolate.Primitives": "16.6.2"
        }
      },
      "HotChocolate.AspNetCore.Pipeline": {
        "type": "Transitive",
        "resolved": "16.5.1",
        "contentHash": "CZMpWWkBuZA7UML4pMPDIY4V9p+kii78+XZC0xEBIPZXr96Xi3EebLtBZcXm+5wdAk6ECDiYjjuLVNsANweG/Q==",
        "dependencies": {
          "ChilliCream.Nitro.App": "31.0.3",
          "HotChocolate.Caching.Memory": "16.5.1",
          "HotChocolate.PersistedOperations.Abstractions": "16.5.1",
          "HotChocolate.Transport.Formatters": "16.5.1",
          "HotChocolate.Transport.Sockets": "16.5.1"
        }
      },
      "HotChocolate.Authorization": {
        "type": "Transitive",
        "resolved": "16.6.2",
        "contentHash": "7owE7r0MpddA+tOtpwCfaRqp5nxF2jWP+lhzdvzSMxKzO4Of74UQo2pwzl136Sv6SKME1Ln6ywJjMrSns1PiNg==",
        "dependencies": {
          "HotChocolate.Types": "16.6.2"
        }
      },
      "HotChocolate.Caching.Memory": {
        "type": "Transitive",
        "resolved": "16.6.2",
        "contentHash": "dchJCfV4ZgDvV6qtLgQx+3m9CQcByvS9LmTrIa/fd9tmjrMD782QgWZzGzfKg6JgUc7SQgC3g/3KFOaOxcistg=="
      },
      "HotChocolate.CostAnalysis": {
        "type": "Transitive",
        "resolved": "16.6.2",
        "contentHash": "yIQ89WAkH07D+WKj+uhr56k7AzFVvE2MGyxekYl836gwJ0OCFFNifvYdUvCZ9upBKmHWm4jUpujFVUVcnIeJrg==",
        "dependencies": {
          "HotChocolate.Types": "16.6.2"
        }
      },
      "HotChocolate.Execution.Abstractions": {
        "type": "Transitive",
        "resolved": "16.6.2",
        "contentHash": "FKrCBEB42RP9D8TPo2rE4rzERfQyPGj5Z/OZxvroaBP76B5ptrEUprcVcHHL5fj8J2slqJk3lpG5Akz+TjOYpQ==",
        "dependencies": {
          "HotChocolate.Features": "16.6.2",
          "HotChocolate.Language.SyntaxTree": "16.6.2",
          "HotChocolate.Language.Web": "16.6.2",
          "HotChocolate.Primitives": "16.6.2",
          "HotChocolate.Text.Json": "16.6.2",
          "HotChocolate.Types.Abstractions": "16.6.2",
          "HotChocolate.Utilities.Buffers": "16.6.2",
          "HotChocolate.Utilities.Tasks": "16.6.2"
        }
      },
      "HotChocolate.Execution.Configuration.Abstractions": {
        "type": "Transitive",
        "resolved": "16.6.2",
        "contentHash": "PmoI2IX57BTnrrvPQJnfqtlRogMohTueuqfQx6ZzBfGVeBbCM5ZOgVZ4oI/7WNANkvGSsh/dmkmeyyIx+fSlmw==",
        "dependencies": {
          "HotChocolate.Abstractions": "16.6.2"
        }
      },
      "HotChocolate.Execution.Operation.Abstractions": {
        "type": "Transitive",
        "resolved": "16.6.2",
        "contentHash": "poY8/O5SZoYKXx0u+wr8SPZ6ed8qXelzXaXnCgtxU3/OMLzhjtRFm5V3++jLLPT+07Si4yWifmuwSgCR31iA/w==",
        "dependencies": {
          "HotChocolate.Features": "16.6.2",
          "HotChocolate.Types.Abstractions": "16.6.2"
        }
      },
      "HotChocolate.Execution.Pipeline": {
        "type": "Transitive",
        "resolved": "16.6.2",
        "contentHash": "0wzE3mmXe4vwP6n3V+1NQ1lX24yFTUFiYOr2f1j9M6wAHlD7aCja9ObfwSyR9qTqyovU2UOiFv/aZuns7oz8LA==",
        "dependencies": {
          "HotChocolate.Execution.Abstractions": "16.6.2",
          "HotChocolate.Validation": "16.6.2"
        }
      },
      "HotChocolate.Execution.Projections": {
        "type": "Transitive",
        "resolved": "16.6.2",
        "contentHash": "Pl8XSlVzgniM0th7kAa/h6jFAfHypjlXivXmaj4JNld0TaA/cZg6TE893fyzDCz69yHh/0ROHNfn1gzg0YU13w==",
        "dependencies": {
          "GreenDonut.Data": "16.6.2",
          "GreenDonut.Data.Abstractions": "16.6.2",
          "GreenDonut.Data.Primitives": "16.6.2",
          "HotChocolate.Caching.Memory": "16.6.2",
          "HotChocolate.Execution.Configuration.Abstractions": "16.6.2",
          "HotChocolate.Types": "16.6.2"
        }
      },
      "HotChocolate.Features": {
        "type": "Transitive",
        "resolved": "16.6.2",
        "contentHash": "A9lkq1U+WSrBKQuSkX208VTR5iHtlq/osm0+H4t+dNCb+m1qkik0+m33q681Cvt2Gsvm1yxQ/8eMr/d0tW+twA=="
      },
      "HotChocolate.Fusion.Language": {
        "type": "Transitive",
        "resolved": "16.6.2",
        "contentHash": "Qf+RLlW6NcK8T9dB3wSr8LGi6m64MmKfaq2OLauiZJlSJWhnfLe1uXVYwiBtq5PGOEF+XxRWVYDhTo98iSE9Ag=="
      },
      "HotChocolate.Fusion.Utilities": {
        "type": "Transitive",
        "resolved": "16.6.2",
        "contentHash": "5BwUS/LR2Gk7mxSo6ry7n8Xe85qKMXCY4oVywd0jz3mUpjxUoJoD9VZSi/Ny3thnGKsrcmPdohgpkWMJH2aMjQ==",
        "dependencies": {
          "HotChocolate.Execution.Abstractions": "16.6.2",
          "HotChocolate.Fusion.Language": "16.6.2",
          "HotChocolate.Language": "16.6.2",
          "HotChocolate.Types.Abstractions": "16.6.2"
        }
      },
      "HotChocolate.Language": {
        "type": "Transitive",
        "resolved": "16.6.2",
        "contentHash": "EJjynWC1BhOnGUW0t8KntQ65KqHdj1rTlpHUr20jOQwnQjX4vZfSc2webeN1OxFC4NQVLZZC/qYOoTsLt6Pgxg==",
        "dependencies": {
          "HotChocolate.Language.SyntaxTree": "16.6.2",
          "HotChocolate.Language.Utf8": "16.6.2",
          "HotChocolate.Language.Visitors": "16.6.2",
          "HotChocolate.Language.Web": "16.6.2"
        }
      },
      "HotChocolate.Language.SyntaxTree": {
        "type": "Transitive",
        "resolved": "16.6.2",
        "contentHash": "2j/S3JVqvzyQa4z2BtkparMEkptdV+DEUSj4i8QR1zV8n/Aplvk4polFEpuxquXt+hwgwztmh2z75nOmnOvzXw==",
        "dependencies": {
          "HotChocolate.Utilities.Buffers": "16.6.2"
        }
      },
      "HotChocolate.Language.Utf8": {
        "type": "Transitive",
        "resolved": "16.6.2",
        "contentHash": "gVQU/LD2YGB6ar8jrJQ69zKlvIBtZch1LULPH+1dWSAIVmepqyGTNqTk86GASCgEExT2OkUJPLBBYgo62ZvR4w==",
        "dependencies": {
          "HotChocolate.Language.SyntaxTree": "16.6.2",
          "HotChocolate.Language.Utf8.SyntaxTree": "16.6.2",
          "HotChocolate.Utilities.Buffers": "16.6.2"
        }
      },
      "HotChocolate.Language.Utf8.SyntaxTree": {
        "type": "Transitive",
        "resolved": "16.6.2",
        "contentHash": "EnPQIYUej6xpZfDrA+EBCjB4PySZ/1OId05n5I6PJ3ApZROh+dikIl1H97CL9IAT1R1m9HCIwDYTnOciPLKj2A==",
        "dependencies": {
          "HotChocolate.Language.SyntaxTree": "16.6.2",
          "HotChocolate.Utilities.Buffers": "16.6.2"
        }
      },
      "HotChocolate.Language.Visitors": {
        "type": "Transitive",
        "resolved": "16.6.2",
        "contentHash": "AWYLpsrhH372AUY2Z1ggloh3AiCG+ppRClSYid9O7IWvLk0NEMCnH0yoHRR+fvtjiTyduCGRkh4QkxAaQi3EZg==",
        "dependencies": {
          "HotChocolate.Language.SyntaxTree": "16.6.2"
        }
      },
      "HotChocolate.Language.Web": {
        "type": "Transitive",
        "resolved": "16.6.2",
        "contentHash": "gepIvjgHEUuS9CPB2o7uo6Q9ci4YAS7LX+y9ZgVxs+azAdVP8kQAVcCkSHp640TPgmi2jcMt5PhYyZtVn2WHcQ==",
        "dependencies": {
          "HotChocolate.Language.Utf8": "16.6.2",
          "HotChocolate.Language.Visitors": "16.6.2"
        }
      },
      "HotChocolate.PersistedOperations.Abstractions": {
        "type": "Transitive",
        "resolved": "16.6.2",
        "contentHash": "zCQGp9HXjY5Xlcv7St8+G9YaWtjqE+PtAkVlyNktxQwkqACOz7WyEo0Ik7YIn0x6jgi3+VAOe53UoQD3SoHGDg==",
        "dependencies": {
          "HotChocolate.Execution.Abstractions": "16.6.2"
        }
      },
      "HotChocolate.PersistedOperations.Pipeline": {
        "type": "Transitive",
        "resolved": "16.6.2",
        "contentHash": "4yQ6Fj+i2Rxn0h20IpV08lkqOqso9cVS4IbE/8Gi/vn4GTAPY2LNFMfxc6Hq/3cDFQxaFCavnnVPp4NPbRnhiA==",
        "dependencies": {
          "HotChocolate.PersistedOperations.Abstractions": "16.6.2"
        }
      },
      "HotChocolate.Primitives": {
        "type": "Transitive",
        "resolved": "16.6.2",
        "contentHash": "vT0OrbDrBZiaAM3pgtVrJZRoon/fiYxvVheGtVQso3UyvgWGdnfUyZQssrys83yW8epR/8N49nC/buNW+2qtAQ==",
        "dependencies": {
          "HotChocolate.Language": "16.6.2"
        }
      },
      "HotChocolate.Subscriptions": {
        "type": "Transitive",
        "resolved": "16.5.1",
        "contentHash": "Qwjckmg6r9DsEtICyvl1ehIeGycDuhwCl8n6YuvKmoxPxqTV8FItJiRUPpKy0t/cKIUY1iXvTifLiddZjCUEOw==",
        "dependencies": {
          "HotChocolate.Abstractions": "16.5.1",
          "HotChocolate.Execution.Configuration.Abstractions": "16.5.1",
          "HotChocolate.Utilities": "16.5.1"
        }
      },
      "HotChocolate.Text.Json": {
        "type": "Transitive",
        "resolved": "16.6.2",
        "contentHash": "Hy2QvCW1ytOvBcXkG/jC8XsIK7bmP/UhpoMKkXv+3CskVMT9m7H6oGAAno0oqwx6aX8/F8Xc4ZJhRH0kZxtpsw=="
      },
      "HotChocolate.Transport.Formatters": {
        "type": "Transitive",
        "resolved": "16.6.2",
        "contentHash": "TqHU/Dz09zK7UYABL4O4N1PODYf2VuhtLC6p9b7FgYPb04m3ttCOaSc1sMeyW7yiTB19ITTcNDQg1J/FXHioYw==",
        "dependencies": {
          "HotChocolate.Execution.Abstractions": "16.6.2",
          "HotChocolate.Utilities.Buffers": "16.6.2",
          "HotChocolate.Utilities.Tasks": "16.6.2"
        }
      },
      "HotChocolate.Transport.Sockets": {
        "type": "Transitive",
        "resolved": "16.5.1",
        "contentHash": "i4VdCiRmL03sEcXP1SJApH/037C6kD8zpVnHu4D+MJhdlfnxcXttVKLknxuj/RWWPAYP9C3B90ISU0KYhn+f9A=="
      },
      "HotChocolate.Types": {
        "type": "Transitive",
        "resolved": "16.6.2",
        "contentHash": "mGIviU2hDm5dOjymq2xgTCJ0WXZkfzn87e+Dw1X8va3zRR/xINYAIJLdeC79L8hDvozaD1MykK5xC3WjHTBWgg==",
        "dependencies": {
          "GreenDonut": "16.6.2",
          "GreenDonut.Data.Primitives": "16.6.2",
          "HotChocolate.Abstractions": "16.6.2",
          "HotChocolate.Caching.Memory": "16.6.2",
          "HotChocolate.Execution.Abstractions": "16.6.2",
          "HotChocolate.Execution.Configuration.Abstractions": "16.6.2",
          "HotChocolate.Execution.Operation.Abstractions": "16.6.2",
          "HotChocolate.Execution.Pipeline": "16.6.2",
          "HotChocolate.Features": "16.6.2",
          "HotChocolate.Fusion.Language": "16.6.2",
          "HotChocolate.Fusion.Utilities": "16.6.2",
          "HotChocolate.PersistedOperations.Abstractions": "16.6.2",
          "HotChocolate.PersistedOperations.Pipeline": "16.6.2",
          "HotChocolate.Text.Json": "16.6.2",
          "HotChocolate.Transport.Formatters": "16.6.2",
          "HotChocolate.Types.Abstractions": "16.6.2",
          "HotChocolate.Utilities": "16.6.2",
          "HotChocolate.Utilities.Base36": "16.6.2",
          "HotChocolate.Utilities.DependencyInjection": "16.6.2"
        }
      },
      "HotChocolate.Types.Abstractions": {
        "type": "Transitive",
        "resolved": "16.6.2",
        "contentHash": "1rkTEBf4hCb0uNgEc+7HcIEasHcZOpDsoScKyfubp1YtiVY57LmiIPv5rDxNZpnNa93dHM0ctHkLlvcshNOx3A==",
        "dependencies": {
          "HotChocolate.Features": "16.6.2",
          "HotChocolate.Primitives": "16.6.2"
        }
      },
      "HotChocolate.Types.CursorPagination": {
        "type": "Transitive",
        "resolved": "16.6.2",
        "contentHash": "bpfVaBG55y2QC33jyAOfck/nw4LHH95x3CmF4AUqlOWu+Rr9IFuCDwF/ZMT5y4LAEEq3pMntsLkaY5fOUdyimQ==",
        "dependencies": {
          "HotChocolate.Execution.Configuration.Abstractions": "16.6.2",
          "HotChocolate.Types": "16.6.2"
        }
      },
      "HotChocolate.Types.CursorPagination.Extensions": {
        "type": "Transitive",
        "resolved": "16.6.2",
        "contentHash": "0p2DF6rgysZVvwEvE3oIbVUdYl6EaITYGA2lhImCqXaHHHV8XdoT9aB0lp8lFwoEoQQO1jCX6fbZHSx2hUZBWg==",
        "dependencies": {
          "GreenDonut.Data": "16.6.2",
          "HotChocolate.Types.CursorPagination": "16.6.2"
        }
      },
      "HotChocolate.Types.Errors": {
        "type": "Transitive",
        "resolved": "16.6.2",
        "contentHash": "UZsiWrOUQ7Sk0zHQP6ZSq5sWdfS1EqMoRD4EPGA9dOmLQCiJjlmtTazsTc08+c9ffGWboYyhC1YEsR1td3WkEw==",
        "dependencies": {
          "HotChocolate.Types": "16.6.2"
        }
      },
      "HotChocolate.Types.Mutations": {
        "type": "Transitive",
        "resolved": "16.6.2",
        "contentHash": "zXs7pqiR61l7aRRh9YVHp4mRHWFCfymdZJom6uWEiBmuTZBbibLRIbO5E17yyCZ8KMBlTNktgoqL4RjQAy2vKQ==",
        "dependencies": {
          "HotChocolate.Types": "16.6.2",
          "HotChocolate.Types.Errors": "16.6.2"
        }
      },
      "HotChocolate.Types.Queries": {
        "type": "Transitive",
        "resolved": "16.6.2",
        "contentHash": "Z1X242v1Rxi/QEM2aiEpQNJu4vfalLLdihXMRP3aCKtMUfY0S7WueBzryc1AyWepmtTtNOnoyeUvkIe+M7tjTg==",
        "dependencies": {
          "HotChocolate.Types": "16.6.2",
          "HotChocolate.Types.Errors": "16.6.2"
        }
      },
      "HotChocolate.Types.Scalars.Upload": {
        "type": "Transitive",
        "resolved": "16.5.1",
        "contentHash": "A9vATDUTTeCZW0uUQpY6ql4EnOPI7IZBIoC1PxFoJB29ukIYg9RPKDiud+KZBhxJaLNz1BFdYde62oGYArk+bw==",
        "dependencies": {
          "HotChocolate.Types": "16.5.1"
        }
      },
      "HotChocolate.Utilities": {
        "type": "Transitive",
        "resolved": "16.6.2",
        "contentHash": "1p6gufT+KtspLyXwgUIWfUHY9/OL7h+/yIkbHzYCCHrdaw5qDPL+EVlVZ4f0yF4Uruow1wcdmDaXzT/ONBDZcg==",
        "dependencies": {
          "HotChocolate.Utilities.Buffers": "16.6.2",
          "HotChocolate.Utilities.Tasks": "16.6.2"
        }
      },
      "HotChocolate.Utilities.Base36": {
        "type": "Transitive",
        "resolved": "16.6.2",
        "contentHash": "+DCyC+4ATVRq+UYXXj/GO0HoZF19+N9NYv5fQ8SDmeKiH2mfHL7lih90mqwTAhlO/dC+qjpWa+xKT5QdNsxmaA=="
      },
      "HotChocolate.Utilities.Buffers": {
        "type": "Transitive",
        "resolved": "16.6.2",
        "contentHash": "uHBYJ+Qwj4iYxcBGj0bchm/93rZznPUExRAkL4okXzdJJwIndEKx+nD732/K36BFwxhM48zt+9CO8LAvifhO4g=="
      },
      "HotChocolate.Utilities.DependencyInjection": {
        "type": "Transitive",
        "resolved": "16.6.2",
        "contentHash": "wnK2aqF307PWGZXcKo/PPynRFuwx5ElLF4j8ixB03vzPG/eL10FGz4saN4TbPMHGTve1CZ8ywFWQ3ilCjhu4YA=="
      },
      "HotChocolate.Utilities.Tasks": {
        "type": "Transitive",
        "resolved": "16.6.2",
        "contentHash": "RzSzuVdUvpzpV9qEyFB+BBCH3fBRhCTSlQF2er3LMF32X5nf56a/UslEc4150HCmuOK1pgXETc2S0Q4zpJld7A=="
      },
      "HotChocolate.Validation": {
        "type": "Transitive",
        "resolved": "16.6.2",
        "contentHash": "ktAKJmUxRwFPQ+wfa5iexU+UcDyLWvAEz/dcBKVsnBifGCpCgJHHHx4yax9V6oc6oRjvPz1SVAYMHybTailXKg==",
        "dependencies": {
          "HotChocolate.Execution.Abstractions": "16.6.2",
          "HotChocolate.Types.Abstractions": "16.6.2"
        }
      },
      "InfluxDB.Client.Core": {
        "type": "Transitive",
        "resolved": "5.1.0",
        "contentHash": "u61kovnqoyb4j74xygf7gzYRAgLrP5sLar52BUXKxZqR+aJBgg3M4WauwNSIrerMguRM3rdl7Wats9Mzqfa/bA==",
        "dependencies": {
          "CsvHelper": "33.1.0",
          "Newtonsoft.Json": "13.0.4",
          "NodaTime": "3.3.2",
          "NodaTime.Serialization.JsonNet": "3.1.0",
          "RestSharp": "113.1.0"
        }
      },
      "JsonSubTypes": {
        "type": "Transitive",
        "resolved": "2.0.1",
        "contentHash": "1Po+Ypf0SjCeEKx5+C89Nb5OgTcqNvfS3uTI46MUM+KEp6Rq/M0h+vVsTUt/6DFRwZMTpsAJM4yJrZmEObVANA==",
        "dependencies": {
          "Newtonsoft.Json": "13.0.1"
        }
      },
      "Microsoft.Bcl.Cryptography": {
        "type": "Transitive",
        "resolved": "10.0.2",
        "contentHash": "LG9Yll3B5aNpxv0+D47g6LiOiKBIlodhcHdQwcYzo8VeexFLGqx5ymetmA2aBRyo9cCcWsQWrFsdbsr8LvmWDw=="
      },
      "Microsoft.EntityFrameworkCore": {
        "type": "Transitive",
        "resolved": "10.0.4",
        "contentHash": "kzTsfFK2GCytp6DDTfQOmxPU4gbGdrIlP7PxrxF3ESNLtfXrC8BoUVZENBN2WORlZPAD7CVX6AYIglgkpXQooA==",
        "dependencies": {
          "Microsoft.EntityFrameworkCore.Abstractions": "10.0.4",
          "Microsoft.EntityFrameworkCore.Analyzers": "10.0.4"
        }
      },
      "Microsoft.EntityFrameworkCore.Abstractions": {
        "type": "Transitive",
        "resolved": "10.0.4",
        "contentHash": "qDcJqCfN1XYyX0ID/Hd9/kQTRvlia8S+Yuwyl9uFhBIKnOCbl9WMdGQCzbZUKbkpkfvf3P9CDdXsnxHyE3O0Aw=="
      },
      "Microsoft.EntityFrameworkCore.Analyzers": {
        "type": "Transitive",
        "resolved": "10.0.4",
        "contentHash": "pQeMHCyD3yTtCEGnHV4VsgKUvrESo3MR5mnh8sgQ1hWYmI1YFsUutDowBIxkobeWRtaRmBqQAtF7XQFW6FWuNA=="
      },
      "Microsoft.EntityFrameworkCore.Relational": {
        "type": "Transitive",
        "resolved": "10.0.4",
        "contentHash": "DOTjTHy93W3TwpMLM4SCm0n57Sc0Jj3+m2S6LSTstKyBB34eT1UouaMS19mpWwvtj42+sRiEjA3+rOTNoNzXFQ==",
        "dependencies": {
          "Microsoft.EntityFrameworkCore": "10.0.4"
        }
      },
      "Microsoft.IdentityModel.Abstractions": {
        "type": "Transitive",
        "resolved": "8.19.2",
        "contentHash": "HJbo/lnSfNHUfphPRT910poQc4T2/9+8svFLvzuaYHGAOJ2Tu+oEDqpX0BVP3BJ4OuUM1kylEKyaiX2fCAK3Cw=="
      },
      "Microsoft.IdentityModel.JsonWebTokens": {
        "type": "Transitive",
        "resolved": "8.19.2",
        "contentHash": "ui3fuBT4fs8kdKfBthI4NzLYIBIneEVS8UrL1JVBzAn80UiKmngBBi0BEByE7n/9c+EElcfFlCMFFTqpkBSLNA==",
        "dependencies": {
          "Microsoft.IdentityModel.Tokens": "8.19.2"
        }
      },
      "Microsoft.IdentityModel.Logging": {
        "type": "Transitive",
        "resolved": "8.19.2",
        "contentHash": "r5YLDIxGOnkVJHrqXv/iD1FM1CgGrQOdriXuvuWvTPmKbnGANhEysq9XKmN6IHjf2a+9bAGEpnoRBsAQlvJU5w==",
        "dependencies": {
          "Microsoft.IdentityModel.Abstractions": "8.19.2"
        }
      },
      "Microsoft.IdentityModel.Protocols": {
        "type": "Transitive",
        "resolved": "8.19.2",
        "contentHash": "sGxSsSrZXNmca6D+jHH2rVRyo2nNRd/g4H9CFbPmLLq0xgoH1U0orLWE5minfijw7+zq49tBs7txenbfAErRoQ==",
        "dependencies": {
          "Microsoft.IdentityModel.Tokens": "8.19.2"
        }
      },
      "Microsoft.IdentityModel.Protocols.OpenIdConnect": {
        "type": "Transitive",
        "resolved": "8.19.2",
        "contentHash": "1XOcyY36cVymzE3qKdzKaUEZ4Pzt7ZpSa14JZoPPK1NLFUkQDs85TCqpV6XDo0YjFXj6nVK00AfOHppjghjhtw==",
        "dependencies": {
          "Microsoft.IdentityModel.Protocols": "8.19.2",
          "System.IdentityModel.Tokens.Jwt": "8.19.2"
        }
      },
      "Microsoft.IdentityModel.Tokens": {
        "type": "Transitive",
        "resolved": "8.19.2",
        "contentHash": "GtPC1S02uH1gOO4fQ+zRysIicKmEXaYFP8PIkdJYXqMyruYhopre4ozVHp0XiDSA0+GJvOZH9prxCPvgBMg4Ww==",
        "dependencies": {
          "Microsoft.Bcl.Cryptography": "10.0.2",
          "Microsoft.IdentityModel.Logging": "8.19.2"
        }
      },
      "Newtonsoft.Json": {
        "type": "Transitive",
        "resolved": "13.0.4",
        "contentHash": "pdgNNMai3zv51W5aq268sujXUyx7SNdE2bj1wZcWjAQrKMFZV260lbqYop1d2GM67JI1huLRwxo9ZqnfF/lC6A=="
      },
      "NodaTime": {
        "type": "Transitive",
        "resolved": "3.3.2",
        "contentHash": "8hI5b1ENTKQCaPyU6YHpYiMwj5aJKZ4Mnv0bLbhk65Dd44gQsXenUohMzyiIphANa8LdW6vcOvpY/l1urvx4dw=="
      },
      "NodaTime.Serialization.JsonNet": {
        "type": "Transitive",
        "resolved": "3.1.0",
        "contentHash": "eEr9lXUz50TYr4rpeJG4TDAABkpxjIKr5mDSi/Zav8d6Njy6fH7x4ZtNwWFj0Vd+vIvEZNrHFQ4Gfy8j4BqRGg==",
        "dependencies": {
          "Newtonsoft.Json": "13.0.3",
          "NodaTime": "[3.0.0, 4.0.0)"
        }
      },
      "Npgsql": {
        "type": "Transitive",
        "resolved": "10.0.3",
        "contentHash": "7nb5YzXuvWWJxB0J8DiyL3we+X4FOctZrt0fIBnucOIaIevFEEwGQVZKtiu9olXdlNAK1eNgqSral6r/jlhI4w=="
      },
      "RestSharp": {
        "type": "Transitive",
        "resolved": "113.1.0",
        "contentHash": "poNb3XPzF0Rxp+XW9e7U+TZOIjABkGEYd0cGuNIstcRZTU8ES6+7tpbZ55+0XpxwnxxU8nSAZ89p6WUKI+Cg+A=="
      },
      "System.Configuration.ConfigurationManager": {
        "type": "Transitive",
        "resolved": "10.0.8",
        "contentHash": "QG+HHwJjLyUiRuA9axr5pDqHAxboo7FXCTRakxMABE9CUAUij/tsd/MsgQPJUEppkf+YBLT+F/P/wKIVCAIcNg==",
        "dependencies": {
          "System.Security.Cryptography.ProtectedData": "10.0.8"
        }
      },
      "System.IdentityModel.Tokens.Jwt": {
        "type": "Transitive",
        "resolved": "8.19.2",
        "contentHash": "gqhDC/icByKEutygpr+OFgAmjwTVowyzFjWB8K0q1ww8uFj5a1BQNL+QvijUl9uhq4p8OdDwcAIrjVC+eC9FVA==",
        "dependencies": {
          "Microsoft.IdentityModel.JsonWebTokens": "8.19.2",
          "Microsoft.IdentityModel.Tokens": "8.19.2"
        }
      },
      "System.IO.Hashing": {
        "type": "Transitive",
        "resolved": "8.0.0",
        "contentHash": "ne1843evDugl0md7Fjzy6QjJrzsjh46ZKbhf8GwBXb5f/gw97J4bxMs0NQKifDuThh/f0bZ0e62NPl1jzTuRqA=="
      },
      "System.Reactive": {
        "type": "Transitive",
        "resolved": "6.0.1",
        "contentHash": "rHaWtKDwCi9qJ3ObKo8LHPMuuwv33YbmQi7TcUK1C264V3MFnOr5Im7QgCTdLniztP3GJyeiSg5x8NqYJFqRmg=="
      },
      "System.Security.Cryptography.ProtectedData": {
        "type": "Transitive",
        "resolved": "10.0.8",
        "contentHash": "/ldVgSfImIBp6fLWS7sLH0BnmtFj0ZwGlZo4Xx2q0K3ZhJNDbW45kj2f6zPoC+L+BTINuHdMzTsopuwmkbgcNA=="
      },
      "Yarp.ReverseProxy": {
        "type": "Transitive",
        "resolved": "2.3.0",
        "contentHash": "gxtkN3a+9biu9V9Zd5NaTO6VZWXAnS2mhQ0R/VXmSPoTuiQNZsakKikrKpDtKxrL5nUYzbRsHtl40WNq+ZBKKg==",
        "dependencies": {
          "System.IO.Hashing": "8.0.0"
        }
      },
      "sprint.contracts": {
        "type": "Project",
        "dependencies": {
          "Sprint.Desktop.Api": "[0.1.0, )"
        }
      },
      "sprint.desktop.api": {
        "type": "Project"
      }
    }
  }
}